
Microsoft Visual Studio Solution File, Format Version 12.00
# Visual Studio Version 17
VisualStudioVersion = 17.9.34407.89
MinimumVisualStudioVersion = 10.0.40219.1
Project("{9A19103F-16F7-4668-BE54-9A1E7A4F7556}") = "BlazorWebAssemblyDotNet8Crud", "BlazorWebAssemblyDotNet8Crud\BlazorWebAssemblyDotNet8Crud\BlazorWebAssemblyDotNet8Crud.csproj", "{C9A6FD6E-B407-4507-94BC-906BA88784F8}"
EndProject
Project("{9A19103F-16F7-4668-BE54-9A1E7A4F7556}") = "BlazorWebAssemblyDotNet8Crud.Client", "BlazorWebAssemblyDotNet8Crud\BlazorWebAssemblyDotNet8Crud.Client\BlazorWebAssemblyDotNet8Crud.Client.csproj", "{666192A9-03BF-4281-B535-25FEBD395F68}"
EndProject
Project("{9A19103F-16F7-4668-BE54-9A1E7A4F7556}") = "BlazorWebAssemblyDotnet8Crud.Shared", "BlazorWebAssemblyDotnet8Crud.Shared\BlazorWebAssemblyDotnet8Crud.Shared.csproj", "{236F8F79-8BDF-4993-8E42-6D83293B17ED}"
EndProject
Global
	GlobalSection(SolutionConfigurationPlatforms) = preSolution
		Debug|Any CPU = Debug|Any CPU
		Release|Any CPU = Release|Any CPU
	EndGlobalSection
	GlobalSection(ProjectConfigurationPlatforms) = postSolution
		{C9A6FD6E-B407-4507-94BC-906BA88784F8}.Debug|Any CPU.ActiveCfg = Debug|Any CPU
		{C9A6FD6E-B407-4507-94BC-906BA88784F8}.Debug|Any CPU.Build.0 = Debug|Any CPU
		{C9A6FD6E-B407-4507-94BC-906BA88784F8}.Release|Any CPU.ActiveCfg = Release|Any CPU
		{C9A6FD6E-B407-4507-94BC-906BA88784F8}.Release|Any CPU.Build.0 = Release|Any CPU
		{666192A9-03BF-4281-B535-25FEBD395F68}.Debug|Any CPU.ActiveCfg = Debug|Any CPU
		{666192A9-03BF-4281-B535-25FEBD395F68}.Debug|Any CPU.Build.0 = Debug|Any CPU
		{666192A9-03BF-4281-B535-25FEBD395F68}.Release|Any CPU.ActiveCfg = Release|Any CPU
		{666192A9-03BF-4281-B535-25FEBD395F68}.Release|Any CPU.Build.0 = Release|Any CPU
		{236F8F79-8BDF-4993-8E42-6D83293B17ED}.Debug|Any CPU.ActiveCfg = Debug|Any CPU
		{236F8F79-8BDF-4993-8E42-6D83293B17ED}.Debug|Any CPU.Build.0 = Debug|Any CPU
		{236F8F79-8BDF-4993-8E42-6D83293B17ED}.Release|Any CPU.ActiveCfg = Release|Any CPU
		{236F8F79-8BDF-4993-8E42-6D83293B17ED}.Release|Any CPU.Build.0 = Release|Any CPU
	EndGlobalSection
	GlobalSection(SolutionProperties) = preSolution
		HideSolutionNode = FALSE
	EndGlobalSection
	GlobalSection(ExtensibilityGlobals) = postSolution
		SolutionGuid = {F3D71D0C-4201-428D-826C-12EBCE2B313F}
	EndGlobalSection
EndGlobal
